
Microsoft Visual Studio Solution File, Format Version 12.00
# Visual Studio Version 17
VisualStudioVersion = 17.11.35431.28
MinimumVisualStudioVersion = 10.0.40219.1
Project("{9A19103F-16F7-4668-BE54-9A1E7A4F7556}") = "BaiTap1", "BaiTap1\BaiTap1.csproj", "{40C4F6AC-A02C-4AC4-9C32-59F447266166}"
EndProject
Project("{E53339B2-1760-4266-BCC7-CA923CBCF16C}") = "docker-compose", "docker-compose.dcproj", "{A1D6D94D-27AC-406B-9432-A29825384D3B}"
EndProject
Global
	GlobalSection(SolutionConfigurationPlatforms) = preSolution
		Debug|Any CPU = Debug|Any CPU
		Release|Any CPU = Release|Any CPU
	EndGlobalSection
	GlobalSection(ProjectConfigurationPlatforms) = postSolution
		{40C4F6AC-A02C-4AC4-9C32-59F447266166}.Debug|Any CPU.ActiveCfg = Debug|Any CPU
		{40C4F6AC-A02C-4AC4-9C32-59F447266166}.Debug|Any CPU.Build.0 = Debug|Any CPU
		{40C4F6AC-A02C-4AC4-9C32-59F447266166}.Release|Any CPU.ActiveCfg = Release|Any CPU
		{40C4F6AC-A02C-4AC4-9C32-59F447266166}.Release|Any CPU.Build.0 = Release|Any CPU
		{A1D6D94D-27AC-406B-9432-A29825384D3B}.Debug|Any CPU.ActiveCfg = Debug|Any CPU
		{A1D6D94D-27AC-406B-9432-A29825384D3B}.Debug|Any CPU.Build.0 = Debug|Any CPU
		{A1D6D94D-27AC-406B-9432-A29825384D3B}.Release|Any CPU.ActiveCfg = Release|Any CPU
		{A1D6D94D-27AC-406B-9432-A29825384D3B}.Release|Any CPU.Build.0 = Release|Any CPU
	EndGlobalSection
	GlobalSection(SolutionProperties) = preSolution
		HideSolutionNode = FALSE
	EndGlobalSection
	GlobalSection(ExtensibilityGlobals) = postSolution
		SolutionGuid = {D3F55654-9A96-499B-A234-39D4155CE294}
	EndGlobalSection
EndGlobal
